
Microsoft Visual Studio Solution File, Format Version 12.00
# Visual Studio Version 16
VisualStudioVersion = 16.0.30517.126
MinimumVisualStudioVersion = 10.0.40219.1
Project("{FAE04EC0-301F-11D3-BF4B-00C04F79EFBC}") = "AzerothWarsMapCompiler", "src/AzerothWarsMapCompiler.csproj", "{FFD0D6AA-349A-421D-A7C8-869EFBED5EDF}"
EndProject
Global
	GlobalSection(SolutionConfigurationPlatforms) = preSolution
		Debug|Any CPU = Debug|Any CPU
		Release|Any CPU = Release|Any CPU
	EndGlobalSection
	GlobalSection(ProjectConfigurationPlatforms) = postSolution
		{FFD0D6AA-349A-421D-A7C8-869EFBED5EDF}.Debug|Any CPU.ActiveCfg = Debug|Any CPU
		{FFD0D6AA-349A-421D-A7C8-869EFBED5EDF}.Debug|Any CPU.Build.0 = Debug|Any CPU
		{FFD0D6AA-349A-421D-A7C8-869EFBED5EDF}.Release|Any CPU.ActiveCfg = Release|Any CPU
		{FFD0D6AA-349A-421D-A7C8-869EFBED5EDF}.Release|Any CPU.Build.0 = Release|Any CPU
	EndGlobalSection
	GlobalSection(SolutionProperties) = preSolution
		HideSolutionNode = FALSE
	EndGlobalSection
	GlobalSection(ExtensibilityGlobals) = postSolution
		SolutionGuid = {1F3F5F28-21AF-4921-BBC9-E69E88BFFD90}
	EndGlobalSection
EndGlobal
